
Microsoft Visual Studio Solution File, Format Version 12.00
# Visual Studio Version 17
VisualStudioVersion = 17.7.34031.279
MinimumVisualStudioVersion = 10.0.40219.1
Project("{9A19103F-16F7-4668-BE54-9A1E7A4F7556}") = "HumanForce", "HumanForce.csproj", "{1616C49F-6ACF-423A-A1ED-33A846A7C902}"
EndProject
Project("{FAE04EC0-301F-11D3-BF4B-00C04F79EFBC}") = "HF.Service", "..\HF.Service\HF.Service.csproj", "{8248F5BE-E28C-4E8F-9898-F5FB6BE5286C}"
EndProject
Project("{FAE04EC0-301F-11D3-BF4B-00C04F79EFBC}") = "HF.DTO", "..\HF.DTO\HF.DTO.csproj", "{D40E5DB9-05E2-470A-BDFE-A08C56DB03D3}"
EndProject
Global
	GlobalSection(SolutionConfigurationPlatforms) = preSolution
		Debug|Any CPU = Debug|Any CPU
		Release|Any CPU = Release|Any CPU
	EndGlobalSection
	GlobalSection(ProjectConfigurationPlatforms) = postSolution
		{1616C49F-6ACF-423A-A1ED-33A846A7C902}.Debug|Any CPU.ActiveCfg = Debug|Any CPU
		{1616C49F-6ACF-423A-A1ED-33A846A7C902}.Debug|Any CPU.Build.0 = Debug|Any CPU
		{1616C49F-6ACF-423A-A1ED-33A846A7C902}.Release|Any CPU.ActiveCfg = Release|Any CPU
		{1616C49F-6ACF-423A-A1ED-33A846A7C902}.Release|Any CPU.Build.0 = Release|Any CPU
		{8248F5BE-E28C-4E8F-9898-F5FB6BE5286C}.Debug|Any CPU.ActiveCfg = Debug|Any CPU
		{8248F5BE-E28C-4E8F-9898-F5FB6BE5286C}.Debug|Any CPU.Build.0 = Debug|Any CPU
		{8248F5BE-E28C-4E8F-9898-F5FB6BE5286C}.Release|Any CPU.ActiveCfg = Release|Any CPU
		{8248F5BE-E28C-4E8F-9898-F5FB6BE5286C}.Release|Any CPU.Build.0 = Release|Any CPU
		{D40E5DB9-05E2-470A-BDFE-A08C56DB03D3}.Debug|Any CPU.ActiveCfg = Debug|Any CPU
		{D40E5DB9-05E2-470A-BDFE-A08C56DB03D3}.Debug|Any CPU.Build.0 = Debug|Any CPU
		{D40E5DB9-05E2-470A-BDFE-A08C56DB03D3}.Release|Any CPU.ActiveCfg = Release|Any CPU
		{D40E5DB9-05E2-470A-BDFE-A08C56DB03D3}.Release|Any CPU.Build.0 = Release|Any CPU
	EndGlobalSection
	GlobalSection(SolutionProperties) = preSolution
		HideSolutionNode = FALSE
	EndGlobalSection
	GlobalSection(ExtensibilityGlobals) = postSolution
		SolutionGuid = {80C35E08-C4A0-4122-A7BE-09AF2A42A56B}
	EndGlobalSection
EndGlobal
